
Microsoft Visual Studio Solution File, Format Version 12.00
# Visual Studio Version 17
VisualStudioVersion = 17.11.35118.90
MinimumVisualStudioVersion = 10.0.40219.1
Project("{9A19103F-16F7-4668-BE54-9A1E7A4F7556}") = "Core.Domain", "Core.Domain\Core.Domain.csproj", "{C0C94CBC-6EF9-4E47-84D3-2C306D06AEC4}"
EndProject
Project("{9A19103F-16F7-4668-BE54-9A1E7A4F7556}") = "Core.Application", "Core.Application\Core.Application.csproj", "{A30900D7-3024-4C98-9EAB-3EEC88221C30}"
EndProject
Project("{9A19103F-16F7-4668-BE54-9A1E7A4F7556}") = "Infrastructure", "Infrastructure\Infrastructure.csproj", "{B44A7006-B51E-472E-A969-FA1086FB632B}"
EndProject
Project("{9A19103F-16F7-4668-BE54-9A1E7A4F7556}") = "Api", "Api\Api.csproj", "{FF5F8105-11A0-4A52-85B7-231AF1EFE48D}"
EndProject
Project("{54A90642-561A-4BB1-A94E-469ADEE60C69}") = "Angular", "Angular\Angular.esproj", "{3BE273CA-DD5F-4BE0-B178-AA377F7572E2}"
EndProject
Global
	GlobalSection(SolutionConfigurationPlatforms) = preSolution
		Debug|Any CPU = Debug|Any CPU
		Release|Any CPU = Release|Any CPU
	EndGlobalSection
	GlobalSection(ProjectConfigurationPlatforms) = postSolution
		{C0C94CBC-6EF9-4E47-84D3-2C306D06AEC4}.Debug|Any CPU.ActiveCfg = Debug|Any CPU
		{C0C94CBC-6EF9-4E47-84D3-2C306D06AEC4}.Debug|Any CPU.Build.0 = Debug|Any CPU
		{C0C94CBC-6EF9-4E47-84D3-2C306D06AEC4}.Release|Any CPU.ActiveCfg = Release|Any CPU
		{C0C94CBC-6EF9-4E47-84D3-2C306D06AEC4}.Release|Any CPU.Build.0 = Release|Any CPU
		{A30900D7-3024-4C98-9EAB-3EEC88221C30}.Debug|Any CPU.ActiveCfg = Debug|Any CPU
		{A30900D7-3024-4C98-9EAB-3EEC88221C30}.Debug|Any CPU.Build.0 = Debug|Any CPU
		{A30900D7-3024-4C98-9EAB-3EEC88221C30}.Release|Any CPU.ActiveCfg = Release|Any CPU
		{A30900D7-3024-4C98-9EAB-3EEC88221C30}.Release|Any CPU.Build.0 = Release|Any CPU
		{B44A7006-B51E-472E-A969-FA1086FB632B}.Debug|Any CPU.ActiveCfg = Debug|Any CPU
		{B44A7006-B51E-472E-A969-FA1086FB632B}.Debug|Any CPU.Build.0 = Debug|Any CPU
		{B44A7006-B51E-472E-A969-FA1086FB632B}.Release|Any CPU.ActiveCfg = Release|Any CPU
		{B44A7006-B51E-472E-A969-FA1086FB632B}.Release|Any CPU.Build.0 = Release|Any CPU
		{FF5F8105-11A0-4A52-85B7-231AF1EFE48D}.Debug|Any CPU.ActiveCfg = Debug|Any CPU
		{FF5F8105-11A0-4A52-85B7-231AF1EFE48D}.Debug|Any CPU.Build.0 = Debug|Any CPU
		{FF5F8105-11A0-4A52-85B7-231AF1EFE48D}.Release|Any CPU.ActiveCfg = Release|Any CPU
		{FF5F8105-11A0-4A52-85B7-231AF1EFE48D}.Release|Any CPU.Build.0 = Release|Any CPU
		{3BE273CA-DD5F-4BE0-B178-AA377F7572E2}.Debug|Any CPU.ActiveCfg = Debug|Any CPU
		{3BE273CA-DD5F-4BE0-B178-AA377F7572E2}.Debug|Any CPU.Build.0 = Debug|Any CPU
		{3BE273CA-DD5F-4BE0-B178-AA377F7572E2}.Debug|Any CPU.Deploy.0 = Debug|Any CPU
		{3BE273CA-DD5F-4BE0-B178-AA377F7572E2}.Release|Any CPU.ActiveCfg = Release|Any CPU
		{3BE273CA-DD5F-4BE0-B178-AA377F7572E2}.Release|Any CPU.Build.0 = Release|Any CPU
		{3BE273CA-DD5F-4BE0-B178-AA377F7572E2}.Release|Any CPU.Deploy.0 = Release|Any CPU
	EndGlobalSection
	GlobalSection(SolutionProperties) = preSolution
		HideSolutionNode = FALSE
	EndGlobalSection
EndGlobal
